
Microsoft Visual Studio Solution File, Format Version 12.00
# Visual Studio Version 17
VisualStudioVersion = 17.5.33424.131
MinimumVisualStudioVersion = 10.0.40219.1
Project("{8BC9CEB8-8B4A-11D0-8D11-00A0C91BC942}") = "ARRAYS2", "ARRAYS2\ARRAYS2.vcxproj", "{3044C7CD-71E5-4187-9803-FF9AB7FB1025}"
EndProject
Project("{8BC9CEB8-8B4A-11D0-8D11-00A0C91BC942}") = "SHIFT", "SHIFT\SHIFT.vcxproj", "{503898CD-6A8B-4E0C-AA99-C7BB30848B49}"
EndProject
Global
	GlobalSection(SolutionConfigurationPlatforms) = preSolution
		Debug|x64 = Debug|x64
		Debug|x86 = Debug|x86
		Release|x64 = Release|x64
		Release|x86 = Release|x86
	EndGlobalSection
	GlobalSection(ProjectConfigurationPlatforms) = postSolution
		{3044C7CD-71E5-4187-9803-FF9AB7FB1025}.Debug|x64.ActiveCfg = Debug|x64
		{3044C7CD-71E5-4187-9803-FF9AB7FB1025}.Debug|x64.Build.0 = Debug|x64
		{3044C7CD-71E5-4187-9803-FF9AB7FB1025}.Debug|x86.ActiveCfg = Debug|Win32
		{3044C7CD-71E5-4187-9803-FF9AB7FB1025}.Debug|x86.Build.0 = Debug|Win32
		{3044C7CD-71E5-4187-9803-FF9AB7FB1025}.Release|x64.ActiveCfg = Release|x64
		{3044C7CD-71E5-4187-9803-FF9AB7FB1025}.Release|x64.Build.0 = Release|x64
		{3044C7CD-71E5-4187-9803-FF9AB7FB1025}.Release|x86.ActiveCfg = Release|Win32
		{3044C7CD-71E5-4187-9803-FF9AB7FB1025}.Release|x86.Build.0 = Release|Win32
		{503898CD-6A8B-4E0C-AA99-C7BB30848B49}.Debug|x64.ActiveCfg = Debug|x64
		{503898CD-6A8B-4E0C-AA99-C7BB30848B49}.Debug|x64.Build.0 = Debug|x64
		{503898CD-6A8B-4E0C-AA99-C7BB30848B49}.Debug|x86.ActiveCfg = Debug|Win32
		{503898CD-6A8B-4E0C-AA99-C7BB30848B49}.Debug|x86.Build.0 = Debug|Win32
		{503898CD-6A8B-4E0C-AA99-C7BB30848B49}.Release|x64.ActiveCfg = Release|x64
		{503898CD-6A8B-4E0C-AA99-C7BB30848B49}.Release|x64.Build.0 = Release|x64
		{503898CD-6A8B-4E0C-AA99-C7BB30848B49}.Release|x86.ActiveCfg = Release|Win32
		{503898CD-6A8B-4E0C-AA99-C7BB30848B49}.Release|x86.Build.0 = Release|Win32
	EndGlobalSection
	GlobalSection(SolutionProperties) = preSolution
		HideSolutionNode = FALSE
	EndGlobalSection
	GlobalSection(ExtensibilityGlobals) = postSolution
		SolutionGuid = {67DAB6CD-0A0A-4E13-831C-6FF13CAC9523}
	EndGlobalSection
EndGlobal
